
Microsoft Visual Studio Solution File, Format Version 12.00
Project("{2150E333-8FDC-42A3-9474-1A3956D46DE8}") = "Solution Items", "Solution Items", "{FFA94495-0E48-4806-95D9-96D028946E5C}"
	ProjectSection(SolutionItems) = preProject
		compose.yaml = compose.yaml
	EndProjectSection
EndProject
Project("{2150E333-8FDC-42A3-9474-1A3956D46DE8}") = "src", "src", "{7F0B6BCB-DCF7-428B-A126-2C5B1F080468}"
EndProject
Project("{2150E333-8FDC-42A3-9474-1A3956D46DE8}") = "tests", "tests", "{7C7ABAF0-D9F4-4361-8A1F-A23239FC9A37}"
EndProject
Project("{2150E333-8FDC-42A3-9474-1A3956D46DE8}") = "Api", "Api", "{011D6C09-DC1F-420D-970E-4B1173B8A168}"
EndProject
Project("{2150E333-8FDC-42A3-9474-1A3956D46DE8}") = "Application", "Application", "{266E7727-ADFC-4B07-B35E-49F292AEF106}"
EndProject
Project("{2150E333-8FDC-42A3-9474-1A3956D46DE8}") = "Domain", "Domain", "{7E2184F3-FCA2-4708-A2BB-DAAB3BC6F3F3}"
EndProject
Project("{2150E333-8FDC-42A3-9474-1A3956D46DE8}") = "Infrastructure", "Infrastructure", "{22E61D2E-9F21-47C3-B067-9A078DF1B7D3}"
EndProject
Project("{2150E333-8FDC-42A3-9474-1A3956D46DE8}") = "Data", "Data", "{532F9F9D-A95E-41DC-A137-A7EA7357CCA8}"
EndProject
Project("{2150E333-8FDC-42A3-9474-1A3956D46DE8}") = "CrossCutting", "CrossCutting", "{358AC11B-5919-4361-A9F5-80CDEB23BC6E}"
EndProject
Project("{2150E333-8FDC-42A3-9474-1A3956D46DE8}") = "Domain", "Domain", "{4BEBD9DC-51DB-43A8-92FB-9AC2A243391C}"
EndProject
Project("{2150E333-8FDC-42A3-9474-1A3956D46DE8}") = "Application", "Application", "{EB718DD0-69A2-4517-A09E-02F448474F45}"
EndProject
Project("{2150E333-8FDC-42A3-9474-1A3956D46DE8}") = "Infrastructure", "Infrastructure", "{BD5C4015-B9C8-4FB9-9FAB-5D0AA41517AF}"
EndProject
Project("{2150E333-8FDC-42A3-9474-1A3956D46DE8}") = "CrossCutting", "CrossCutting", "{B6C899EA-493A-425F-A66E-BBE7A59C38A1}"
EndProject
Project("{2150E333-8FDC-42A3-9474-1A3956D46DE8}") = "Data", "Data", "{BF745553-16A6-4EE1-BF27-05410839B3B7}"
EndProject
Project("{FAE04EC0-301F-11D3-BF4B-00C04F79EFBC}") = "{{name}}.CrossCutting", "src\Infrastructure\CrossCutting\{{name}}.CrossCutting\{{name}}.CrossCutting.csproj", "{B1D15BAF-E39B-42FB-B75B-69D5947BD0EA}"
EndProject
Project("{FAE04EC0-301F-11D3-BF4B-00C04F79EFBC}") = "{{name}}.Data", "src\Infrastructure\Data\{{name}}.Data\{{name}}.Data.csproj", "{CF507AC2-9943-4D3C-A7B8-47B35CF335DA}"
EndProject
Project("{FAE04EC0-301F-11D3-BF4B-00C04F79EFBC}") = "{{name}}.Domain", "src\Domain\{{name}}.Domain\{{name}}.Domain.csproj", "{44F44108-BD33-48B0-9B1F-22B5C8BFE58E}"
EndProject
Project("{FAE04EC0-301F-11D3-BF4B-00C04F79EFBC}") = "{{name}}.Application", "src\Application\{{name}}.Application\{{name}}.Application.csproj", "{B7673720-CD37-4B07-8DF4-144C6A592E9D}"
EndProject
Project("{FAE04EC0-301F-11D3-BF4B-00C04F79EFBC}") = "{{name}}.Application.Tests", "tests\Application\{{name}}.Application.Tests\{{name}}.Application.Tests.csproj", "{B27D5C6E-E9F3-48A1-9495-44A338C13D66}"
EndProject
Project("{FAE04EC0-301F-11D3-BF4B-00C04F79EFBC}") = "{{name}}.Domain.Tests", "tests\Domain\{{name}}.Domain.Tests\{{name}}.Domain.Tests.csproj", "{44AF1F22-D0A6-4338-98F1-1782B1BD6A7A}"
EndProject
Project("{FAE04EC0-301F-11D3-BF4B-00C04F79EFBC}") = "{{name}}.CrossCutting.Tests", "tests\Infrastructure\CrossCutting\{{name}}.CrossCutting.Tests\{{name}}.CrossCutting.Tests.csproj", "{F0CEA7F5-0B6C-40BD-AD03-40788F1088C4}"
EndProject
Project("{FAE04EC0-301F-11D3-BF4B-00C04F79EFBC}") = "{{name}}.Data.Tests", "tests\Infrastructure\Data\{{name}}.Data.Tests\{{name}}.Data.Tests.csproj", "{421FF0A1-3F73-4B80-8C47-825CEBF453F0}"
EndProject
Project("{FAE04EC0-301F-11D3-BF4B-00C04F79EFBC}") = "{{name}}.WebApi", "src\Api\{{name}}.WebApi\{{name}}.WebApi.csproj", "{8CD5C4DA-BB38-429E-996E-508B79C26A57}"
EndProject
Global
	GlobalSection(SolutionConfigurationPlatforms) = preSolution
		Debug|Any CPU = Debug|Any CPU
		Release|Any CPU = Release|Any CPU
	EndGlobalSection
	GlobalSection(ProjectConfigurationPlatforms) = postSolution
		{B1D15BAF-E39B-42FB-B75B-69D5947BD0EA}.Debug|Any CPU.ActiveCfg = Debug|Any CPU
		{B1D15BAF-E39B-42FB-B75B-69D5947BD0EA}.Debug|Any CPU.Build.0 = Debug|Any CPU
		{B1D15BAF-E39B-42FB-B75B-69D5947BD0EA}.Release|Any CPU.ActiveCfg = Release|Any CPU
		{B1D15BAF-E39B-42FB-B75B-69D5947BD0EA}.Release|Any CPU.Build.0 = Release|Any CPU
		{CF507AC2-9943-4D3C-A7B8-47B35CF335DA}.Debug|Any CPU.ActiveCfg = Debug|Any CPU
		{CF507AC2-9943-4D3C-A7B8-47B35CF335DA}.Debug|Any CPU.Build.0 = Debug|Any CPU
		{CF507AC2-9943-4D3C-A7B8-47B35CF335DA}.Release|Any CPU.ActiveCfg = Release|Any CPU
		{CF507AC2-9943-4D3C-A7B8-47B35CF335DA}.Release|Any CPU.Build.0 = Release|Any CPU
		{44F44108-BD33-48B0-9B1F-22B5C8BFE58E}.Debug|Any CPU.ActiveCfg = Debug|Any CPU
		{44F44108-BD33-48B0-9B1F-22B5C8BFE58E}.Debug|Any CPU.Build.0 = Debug|Any CPU
		{44F44108-BD33-48B0-9B1F-22B5C8BFE58E}.Release|Any CPU.ActiveCfg = Release|Any CPU
		{44F44108-BD33-48B0-9B1F-22B5C8BFE58E}.Release|Any CPU.Build.0 = Release|Any CPU
		{B7673720-CD37-4B07-8DF4-144C6A592E9D}.Debug|Any CPU.ActiveCfg = Debug|Any CPU
		{B7673720-CD37-4B07-8DF4-144C6A592E9D}.Debug|Any CPU.Build.0 = Debug|Any CPU
		{B7673720-CD37-4B07-8DF4-144C6A592E9D}.Release|Any CPU.ActiveCfg = Release|Any CPU
		{B7673720-CD37-4B07-8DF4-144C6A592E9D}.Release|Any CPU.Build.0 = Release|Any CPU
		{B27D5C6E-E9F3-48A1-9495-44A338C13D66}.Debug|Any CPU.ActiveCfg = Debug|Any CPU
		{B27D5C6E-E9F3-48A1-9495-44A338C13D66}.Debug|Any CPU.Build.0 = Debug|Any CPU
		{B27D5C6E-E9F3-48A1-9495-44A338C13D66}.Release|Any CPU.ActiveCfg = Release|Any CPU
		{B27D5C6E-E9F3-48A1-9495-44A338C13D66}.Release|Any CPU.Build.0 = Release|Any CPU
		{44AF1F22-D0A6-4338-98F1-1782B1BD6A7A}.Debug|Any CPU.ActiveCfg = Debug|Any CPU
		{44AF1F22-D0A6-4338-98F1-1782B1BD6A7A}.Debug|Any CPU.Build.0 = Debug|Any CPU
		{44AF1F22-D0A6-4338-98F1-1782B1BD6A7A}.Release|Any CPU.ActiveCfg = Release|Any CPU
		{44AF1F22-D0A6-4338-98F1-1782B1BD6A7A}.Release|Any CPU.Build.0 = Release|Any CPU
		{F0CEA7F5-0B6C-40BD-AD03-40788F1088C4}.Debug|Any CPU.ActiveCfg = Debug|Any CPU
		{F0CEA7F5-0B6C-40BD-AD03-40788F1088C4}.Debug|Any CPU.Build.0 = Debug|Any CPU
		{F0CEA7F5-0B6C-40BD-AD03-40788F1088C4}.Release|Any CPU.ActiveCfg = Release|Any CPU
		{F0CEA7F5-0B6C-40BD-AD03-40788F1088C4}.Release|Any CPU.Build.0 = Release|Any CPU
		{421FF0A1-3F73-4B80-8C47-825CEBF453F0}.Debug|Any CPU.ActiveCfg = Debug|Any CPU
		{421FF0A1-3F73-4B80-8C47-825CEBF453F0}.Debug|Any CPU.Build.0 = Debug|Any CPU
		{421FF0A1-3F73-4B80-8C47-825CEBF453F0}.Release|Any CPU.ActiveCfg = Release|Any CPU
		{421FF0A1-3F73-4B80-8C47-825CEBF453F0}.Release|Any CPU.Build.0 = Release|Any CPU
		{8CD5C4DA-BB38-429E-996E-508B79C26A57}.Debug|Any CPU.ActiveCfg = Debug|Any CPU
		{8CD5C4DA-BB38-429E-996E-508B79C26A57}.Debug|Any CPU.Build.0 = Debug|Any CPU
		{8CD5C4DA-BB38-429E-996E-508B79C26A57}.Release|Any CPU.ActiveCfg = Release|Any CPU
		{8CD5C4DA-BB38-429E-996E-508B79C26A57}.Release|Any CPU.Build.0 = Release|Any CPU
	EndGlobalSection
	GlobalSection(NestedProjects) = preSolution
		{011D6C09-DC1F-420D-970E-4B1173B8A168} = {7F0B6BCB-DCF7-428B-A126-2C5B1F080468}
		{266E7727-ADFC-4B07-B35E-49F292AEF106} = {7F0B6BCB-DCF7-428B-A126-2C5B1F080468}
		{7E2184F3-FCA2-4708-A2BB-DAAB3BC6F3F3} = {7F0B6BCB-DCF7-428B-A126-2C5B1F080468}
		{22E61D2E-9F21-47C3-B067-9A078DF1B7D3} = {7F0B6BCB-DCF7-428B-A126-2C5B1F080468}
		{532F9F9D-A95E-41DC-A137-A7EA7357CCA8} = {22E61D2E-9F21-47C3-B067-9A078DF1B7D3}
		{358AC11B-5919-4361-A9F5-80CDEB23BC6E} = {22E61D2E-9F21-47C3-B067-9A078DF1B7D3}
		{4BEBD9DC-51DB-43A8-92FB-9AC2A243391C} = {7C7ABAF0-D9F4-4361-8A1F-A23239FC9A37}
		{EB718DD0-69A2-4517-A09E-02F448474F45} = {7C7ABAF0-D9F4-4361-8A1F-A23239FC9A37}
		{BD5C4015-B9C8-4FB9-9FAB-5D0AA41517AF} = {7C7ABAF0-D9F4-4361-8A1F-A23239FC9A37}
		{B6C899EA-493A-425F-A66E-BBE7A59C38A1} = {BD5C4015-B9C8-4FB9-9FAB-5D0AA41517AF}
		{BF745553-16A6-4EE1-BF27-05410839B3B7} = {BD5C4015-B9C8-4FB9-9FAB-5D0AA41517AF}
		{B1D15BAF-E39B-42FB-B75B-69D5947BD0EA} = {358AC11B-5919-4361-A9F5-80CDEB23BC6E}
		{CF507AC2-9943-4D3C-A7B8-47B35CF335DA} = {532F9F9D-A95E-41DC-A137-A7EA7357CCA8}
		{44F44108-BD33-48B0-9B1F-22B5C8BFE58E} = {7E2184F3-FCA2-4708-A2BB-DAAB3BC6F3F3}
		{B7673720-CD37-4B07-8DF4-144C6A592E9D} = {266E7727-ADFC-4B07-B35E-49F292AEF106}
		{B27D5C6E-E9F3-48A1-9495-44A338C13D66} = {EB718DD0-69A2-4517-A09E-02F448474F45}
		{44AF1F22-D0A6-4338-98F1-1782B1BD6A7A} = {4BEBD9DC-51DB-43A8-92FB-9AC2A243391C}
		{F0CEA7F5-0B6C-40BD-AD03-40788F1088C4} = {B6C899EA-493A-425F-A66E-BBE7A59C38A1}
		{421FF0A1-3F73-4B80-8C47-825CEBF453F0} = {BF745553-16A6-4EE1-BF27-05410839B3B7}
		{8CD5C4DA-BB38-429E-996E-508B79C26A57} = {011D6C09-DC1F-420D-970E-4B1173B8A168}
	EndGlobalSection
EndGlobal
